
Microsoft Visual Studio Solution File, Format Version 12.00
# Visual Studio 2013
VisualStudioVersion = 12.0.21005.1
MinimumVisualStudioVersion = 10.0.40219.1
Project("{FAE04EC0-301F-11D3-BF4B-00C04F79EFBC}") = "p2groep04", "p2groep04\p2groep04.csproj", "{33AE5F71-81E2-4A3B-87F2-F212E24DCAB3}"
EndProject
Project("{FAE04EC0-301F-11D3-BF4B-00C04F79EFBC}") = "p2groep04.Tests", "p2groep04.Tests\p2groep04.Tests.csproj", "{AD0846CE-ADA0-4255-A5DC-9C2883FC111A}"
EndProject
Global
	GlobalSection(SolutionConfigurationPlatforms) = preSolution
		Debug|Any CPU = Debug|Any CPU
		Release|Any CPU = Release|Any CPU
	EndGlobalSection
	GlobalSection(ProjectConfigurationPlatforms) = postSolution
		{33AE5F71-81E2-4A3B-87F2-F212E24DCAB3}.Debug|Any CPU.ActiveCfg = Debug|Any CPU
		{33AE5F71-81E2-4A3B-87F2-F212E24DCAB3}.Debug|Any CPU.Build.0 = Debug|Any CPU
		{33AE5F71-81E2-4A3B-87F2-F212E24DCAB3}.Release|Any CPU.ActiveCfg = Release|Any CPU
		{33AE5F71-81E2-4A3B-87F2-F212E24DCAB3}.Release|Any CPU.Build.0 = Release|Any CPU
		{AD0846CE-ADA0-4255-A5DC-9C2883FC111A}.Debug|Any CPU.ActiveCfg = Debug|Any CPU
		{AD0846CE-ADA0-4255-A5DC-9C2883FC111A}.Debug|Any CPU.Build.0 = Debug|Any CPU
		{AD0846CE-ADA0-4255-A5DC-9C2883FC111A}.Release|Any CPU.ActiveCfg = Release|Any CPU
		{AD0846CE-ADA0-4255-A5DC-9C2883FC111A}.Release|Any CPU.Build.0 = Release|Any CPU
	EndGlobalSection
	GlobalSection(SolutionProperties) = preSolution
		HideSolutionNode = FALSE
	EndGlobalSection
EndGlobal
